
Microsoft Visual Studio Solution File, Format Version 12.00
# Visual Studio Version 17
VisualStudioVersion = 17.0.31903.59
MinimumVisualStudioVersion = 10.0.40219.1
Project("{9A19103F-16F7-4668-BE54-9A1E7A4F7556}") = "Digiruokalista.com", "Ruokalistat.tk\Digiruokalista.com.csproj", "{E13B10B7-890B-4E82-87BC-FA59AA8637AD}"
EndProject
Global
	GlobalSection(SolutionConfigurationPlatforms) = preSolution
		Debug|Any CPU = Debug|Any CPU
		Release|Any CPU = Release|Any CPU
	EndGlobalSection
	GlobalSection(ProjectConfigurationPlatforms) = postSolution
		{E13B10B7-890B-4E82-87BC-FA59AA8637AD}.Debug|Any CPU.ActiveCfg = Debug|Any CPU
		{E13B10B7-890B-4E82-87BC-FA59AA8637AD}.Debug|Any CPU.Build.0 = Debug|Any CPU
		{E13B10B7-890B-4E82-87BC-FA59AA8637AD}.Release|Any CPU.ActiveCfg = Release|Any CPU
		{E13B10B7-890B-4E82-87BC-FA59AA8637AD}.Release|Any CPU.Build.0 = Release|Any CPU
	EndGlobalSection
	GlobalSection(SolutionProperties) = preSolution
		HideSolutionNode = FALSE
	EndGlobalSection
	GlobalSection(ExtensibilityGlobals) = postSolution
		SolutionGuid = {802F09C7-5659-40CF-A932-ECDAD749AA6E}
	EndGlobalSection
EndGlobal
